
Microsoft Visual Studio Solution File, Format Version 12.00
# Visual Studio Version 16
VisualStudioVersion = 16.0.30804.86
MinimumVisualStudioVersion = 10.0.40219.1
Project("{FAE04EC0-301F-11D3-BF4B-00C04F79EFBC}") = "OAGSeeker", "OAGSeeker\OAGSeeker.csproj", "{F771B0D8-42EB-4C61-B429-23F8983272B7}"
EndProject
Project("{54435603-DBB4-11D2-8724-00A0C9A8B90C}") = "OAGSeekerSetup", "OAGSeekerSetup\TelescopeMountBackslashMeasurementSetup.vdproj", "{CD15456E-A9BE-490F-A6B4-E6C3AAE03EB3}"
EndProject
Project("{FAE04EC0-301F-11D3-BF4B-00C04F79EFBC}") = "AquaGauge", "AquaGauge\AquaGauge.csproj", "{0E5542E0-FC5D-4F67-950D-9F28C5D1225A}"
EndProject
Global
	GlobalSection(SolutionConfigurationPlatforms) = preSolution
		Debug|Any CPU = Debug|Any CPU
		Release|Any CPU = Release|Any CPU
	EndGlobalSection
	GlobalSection(ProjectConfigurationPlatforms) = postSolution
		{F771B0D8-42EB-4C61-B429-23F8983272B7}.Debug|Any CPU.ActiveCfg = Debug|Any CPU
		{F771B0D8-42EB-4C61-B429-23F8983272B7}.Debug|Any CPU.Build.0 = Debug|Any CPU
		{F771B0D8-42EB-4C61-B429-23F8983272B7}.Release|Any CPU.ActiveCfg = Release|Any CPU
		{F771B0D8-42EB-4C61-B429-23F8983272B7}.Release|Any CPU.Build.0 = Release|Any CPU
		{CD15456E-A9BE-490F-A6B4-E6C3AAE03EB3}.Debug|Any CPU.ActiveCfg = Debug
		{CD15456E-A9BE-490F-A6B4-E6C3AAE03EB3}.Debug|Any CPU.Build.0 = Debug
		{CD15456E-A9BE-490F-A6B4-E6C3AAE03EB3}.Release|Any CPU.ActiveCfg = Release
		{CD15456E-A9BE-490F-A6B4-E6C3AAE03EB3}.Release|Any CPU.Build.0 = Release
		{0E5542E0-FC5D-4F67-950D-9F28C5D1225A}.Debug|Any CPU.ActiveCfg = Debug|Any CPU
		{0E5542E0-FC5D-4F67-950D-9F28C5D1225A}.Debug|Any CPU.Build.0 = Debug|Any CPU
		{0E5542E0-FC5D-4F67-950D-9F28C5D1225A}.Release|Any CPU.ActiveCfg = Release|Any CPU
		{0E5542E0-FC5D-4F67-950D-9F28C5D1225A}.Release|Any CPU.Build.0 = Release|Any CPU
	EndGlobalSection
	GlobalSection(SolutionProperties) = preSolution
		HideSolutionNode = FALSE
	EndGlobalSection
	GlobalSection(ExtensibilityGlobals) = postSolution
		SolutionGuid = {A12F09E0-98C5-4289-8F1F-2C9B81F42957}
	EndGlobalSection
EndGlobal
